{
  "lockfileVersion": 2,
  "configVersion": 1,
  "workspaces": {
    "": {
      "dependencies": {
        "htmx.org": "2.0.10",
      },
    },
  },
  "packages": {
    "htmx.org": ["htmx.org@2.0.10", "", {}, "sha512-kdeJe7ZVwaS6QMz/ebBIVtZdpwen6L0OQ5GOhPV9MKBb196TCZeZu4yA7ZIQsaLKv7EpXz+So7KSXNuHXhj7Cw=="],
  }
}
